
Microsoft Visual Studio Solution File, Format Version 12.00
# Visual Studio Version 16
VisualStudioVersion = 16.0.31410.357
MinimumVisualStudioVersion = 10.0.40219.1
Project("{159641D6-6404-4A2A-AE62-294DE0FE8301}") = "Labor", "Labor.dtproj", "{6524A4A5-ABD3-482F-94A8-3F2292C2161A}"
EndProject
Global
	GlobalSection(SolutionConfigurationPlatforms) = preSolution
		Development|Default = Development|Default
	EndGlobalSection
	GlobalSection(ProjectConfigurationPlatforms) = postSolution
		{6524A4A5-ABD3-482F-94A8-3F2292C2161A}.Development|Default.ActiveCfg = Development
		{6524A4A5-ABD3-482F-94A8-3F2292C2161A}.Development|Default.Build.0 = Development
	EndGlobalSection
	GlobalSection(SolutionProperties) = preSolution
		HideSolutionNode = FALSE
	EndGlobalSection
	GlobalSection(ExtensibilityGlobals) = postSolution
		SolutionGuid = {F0621A44-C788-49F5-965E-331F8FBC685D}
	EndGlobalSection
EndGlobal
