
Microsoft Visual Studio Solution File, Format Version 12.00
# Visual Studio 15
VisualStudioVersion = 15.0.27130.2027
MinimumVisualStudioVersion = 10.0.40219.1
Project("{159641D6-6404-4A2A-AE62-294DE0FE8301}") = "Inventory", "Inventory\Inventory.dtproj", "{C7BEDC22-318C-4A5D-ABBD-081DF70F50EE}"
EndProject
Global
	GlobalSection(SolutionConfigurationPlatforms) = preSolution
		Development|Default = Development|Default
	EndGlobalSection
	GlobalSection(ProjectConfigurationPlatforms) = postSolution
		{C7BEDC22-318C-4A5D-ABBD-081DF70F50EE}.Development|Default.ActiveCfg = Development
		{C7BEDC22-318C-4A5D-ABBD-081DF70F50EE}.Development|Default.Build.0 = Development
	EndGlobalSection
	GlobalSection(SolutionProperties) = preSolution
		HideSolutionNode = FALSE
	EndGlobalSection
	GlobalSection(ExtensibilityGlobals) = postSolution
		SolutionGuid = {940C14E6-EA0B-45B9-85C5-93A071D6C5D3}
	EndGlobalSection
EndGlobal
