
Microsoft Visual Studio Solution File, Format Version 12.00
# Visual Studio 15
VisualStudioVersion = 15.0.27130.2027
MinimumVisualStudioVersion = 10.0.40219.1
Project("{159641D6-6404-4A2A-AE62-294DE0FE8301}") = "Categories", "Categories\Categories.dtproj", "{0461DECA-EC0A-4A7C-9AE1-A5E8FF0C9D67}"
EndProject
Global
	GlobalSection(SolutionConfigurationPlatforms) = preSolution
		Development|Default = Development|Default
	EndGlobalSection
	GlobalSection(ProjectConfigurationPlatforms) = postSolution
		{0461DECA-EC0A-4A7C-9AE1-A5E8FF0C9D67}.Development|Default.ActiveCfg = Development
		{0461DECA-EC0A-4A7C-9AE1-A5E8FF0C9D67}.Development|Default.Build.0 = Development
	EndGlobalSection
	GlobalSection(SolutionProperties) = preSolution
		HideSolutionNode = FALSE
	EndGlobalSection
	GlobalSection(ExtensibilityGlobals) = postSolution
		SolutionGuid = {D9DE36F7-621E-4675-88AA-E7ED5A00F3C6}
	EndGlobalSection
EndGlobal
