
Microsoft Visual Studio Solution File, Format Version 12.00
# Visual Studio Version 16
VisualStudioVersion = 16.0.31129.286
MinimumVisualStudioVersion = 10.0.40219.1
Project("{159641D6-6404-4A2A-AE62-294DE0FE8301}") = "Services", "Services.dtproj", "{9FEC93F3-7E3C-4D44-A6FA-EC0C809DEF3D}"
EndProject
Global
	GlobalSection(SolutionConfigurationPlatforms) = preSolution
		Development|Default = Development|Default
	EndGlobalSection
	GlobalSection(ProjectConfigurationPlatforms) = postSolution
		{9FEC93F3-7E3C-4D44-A6FA-EC0C809DEF3D}.Development|Default.ActiveCfg = Development
		{9FEC93F3-7E3C-4D44-A6FA-EC0C809DEF3D}.Development|Default.Build.0 = Development
	EndGlobalSection
	GlobalSection(SolutionProperties) = preSolution
		HideSolutionNode = FALSE
	EndGlobalSection
	GlobalSection(ExtensibilityGlobals) = postSolution
		SolutionGuid = {0027DC14-AEF6-4997-9482-15336101558C}
	EndGlobalSection
EndGlobal
