
Microsoft Visual Studio Solution File, Format Version 12.00
# Visual Studio 15
VisualStudioVersion = 15.0.27130.2027
MinimumVisualStudioVersion = 10.0.40219.1
Project("{159641D6-6404-4A2A-AE62-294DE0FE8301}") = "Assignments", "Assignments\Assignments.dtproj", "{018D4512-D1CC-4F93-B9C0-F931DEA8F2AA}"
EndProject
Global
	GlobalSection(SolutionConfigurationPlatforms) = preSolution
		Development|Default = Development|Default
	EndGlobalSection
	GlobalSection(ProjectConfigurationPlatforms) = postSolution
		{018D4512-D1CC-4F93-B9C0-F931DEA8F2AA}.Development|Default.ActiveCfg = Development
		{018D4512-D1CC-4F93-B9C0-F931DEA8F2AA}.Development|Default.Build.0 = Development
	EndGlobalSection
	GlobalSection(SolutionProperties) = preSolution
		HideSolutionNode = FALSE
	EndGlobalSection
	GlobalSection(ExtensibilityGlobals) = postSolution
		SolutionGuid = {A874D478-C7F9-4FFB-BB9E-AA2A2280742F}
	EndGlobalSection
EndGlobal
