
Microsoft Visual Studio Solution File, Format Version 12.00
# Visual Studio Version 16
VisualStudioVersion = 16.0.31410.357
MinimumVisualStudioVersion = 10.0.40219.1
Project("{159641D6-6404-4A2A-AE62-294DE0FE8301}") = "CopyStores", "CopyStores.dtproj", "{B330C4AD-E06F-421E-B634-3616BE844ED8}"
EndProject
Global
	GlobalSection(SolutionConfigurationPlatforms) = preSolution
		Development|Default = Development|Default
	EndGlobalSection
	GlobalSection(ProjectConfigurationPlatforms) = postSolution
		{B330C4AD-E06F-421E-B634-3616BE844ED8}.Development|Default.ActiveCfg = Development
		{B330C4AD-E06F-421E-B634-3616BE844ED8}.Development|Default.Build.0 = Development
	EndGlobalSection
	GlobalSection(SolutionProperties) = preSolution
		HideSolutionNode = FALSE
	EndGlobalSection
	GlobalSection(ExtensibilityGlobals) = postSolution
		SolutionGuid = {9FEA0622-7EB9-4BCB-8C79-D655595502C7}
	EndGlobalSection
EndGlobal
