
Microsoft Visual Studio Solution File, Format Version 12.00
# Visual Studio Version 16
VisualStudioVersion = 16.0.31129.286
MinimumVisualStudioVersion = 10.0.40219.1
Project("{159641D6-6404-4A2A-AE62-294DE0FE8301}") = "CannedJobs", "CannedJobs.dtproj", "{F4B47359-6459-416A-9955-394EC283311D}"
EndProject
Global
	GlobalSection(SolutionConfigurationPlatforms) = preSolution
		Development|Default = Development|Default
	EndGlobalSection
	GlobalSection(ProjectConfigurationPlatforms) = postSolution
		{F4B47359-6459-416A-9955-394EC283311D}.Development|Default.ActiveCfg = Development
		{F4B47359-6459-416A-9955-394EC283311D}.Development|Default.Build.0 = Development
	EndGlobalSection
	GlobalSection(SolutionProperties) = preSolution
		HideSolutionNode = FALSE
	EndGlobalSection
	GlobalSection(ExtensibilityGlobals) = postSolution
		SolutionGuid = {74354EA7-D10D-4466-9F1D-A2D018EA0E6E}
	EndGlobalSection
EndGlobal
