
Microsoft Visual Studio Solution File, Format Version 12.00
# Visual Studio 15
VisualStudioVersion = 15.0.27130.2027
MinimumVisualStudioVersion = 10.0.40219.1
Project("{159641D6-6404-4A2A-AE62-294DE0FE8301}") = "Status", "Status\Status.dtproj", "{163237D1-1AFD-4201-A70A-4DE85D605631}"
EndProject
Global
	GlobalSection(SolutionConfigurationPlatforms) = preSolution
		Development|Default = Development|Default
	EndGlobalSection
	GlobalSection(ProjectConfigurationPlatforms) = postSolution
		{163237D1-1AFD-4201-A70A-4DE85D605631}.Development|Default.ActiveCfg = Development
		{163237D1-1AFD-4201-A70A-4DE85D605631}.Development|Default.Build.0 = Development
	EndGlobalSection
	GlobalSection(SolutionProperties) = preSolution
		HideSolutionNode = FALSE
	EndGlobalSection
	GlobalSection(ExtensibilityGlobals) = postSolution
		SolutionGuid = {8F60F518-28B8-47FA-8D17-2F473F8B791E}
	EndGlobalSection
EndGlobal
