
Microsoft Visual Studio Solution File, Format Version 12.00
# Visual Studio 15
VisualStudioVersion = 15.0.27130.2027
MinimumVisualStudioVersion = 10.0.40219.1
Project("{159641D6-6404-4A2A-AE62-294DE0FE8301}") = "Past_Recommendations", "Past_Recommendations\Past_Recommendations.dtproj", "{6DC81F92-53C6-4059-9E83-1F0A2A893422}"
EndProject
Global
	GlobalSection(SolutionConfigurationPlatforms) = preSolution
		Development|Default = Development|Default
	EndGlobalSection
	GlobalSection(ProjectConfigurationPlatforms) = postSolution
		{6DC81F92-53C6-4059-9E83-1F0A2A893422}.Development|Default.ActiveCfg = Development
		{6DC81F92-53C6-4059-9E83-1F0A2A893422}.Development|Default.Build.0 = Development
	EndGlobalSection
	GlobalSection(SolutionProperties) = preSolution
		HideSolutionNode = FALSE
	EndGlobalSection
	GlobalSection(ExtensibilityGlobals) = postSolution
		SolutionGuid = {F93ABF95-CE81-4B08-B54B-788412A1D9C7}
	EndGlobalSection
EndGlobal
